PODS:
  - Analytics (3.7.0)
  - Expecta (1.0.6)
  - OCMock (3.4.3)
  - Segment-WebEngage (1.1.0):
    - Segment-WebEngage/Xcode10 (= 1.1.0)
  - Segment-WebEngage/Xcode10 (1.1.0):
    - Analytics
    - WebEngage
  - WebEngage (4.9.9):
    - WebEngage/Xcode11 (= 4.9.9)
  - WebEngage/Xcode11 (4.9.9)

DEPENDENCIES:
  - Expecta
  - OCMock
  - Segment-WebEngage (from `../`)

SPEC REPOS:
  trunk:
    - Analytics
    - Expecta
    - OCMock
    - WebEngage

EXTERNAL SOURCES:
  Segment-WebEngage:
    :path: "../"

SPEC CHECKSUMS:
  Analytics: 77fd5fb102a4a5eedafa2c2b0245ceb7b7c15e45
  Expecta: 3b6bd90a64b9a1dcb0b70aa0e10a7f8f631667d5
  OCMock: 43565190abc78977ad44a61c0d20d7f0784d35ab
  Segment-WebEngage: 5a8798074252b18d9ef58bc2f47df44df9f10602
  WebEngage: d4504dc03965cc6408333f19b45b5456df4b5f8a

PODFILE CHECKSUM: aa78ae08568ddbeeefeb3039f44a8115ee685904

COCOAPODS: 1.8.3
